
Microsoft Visual Studio Solution File, Format Version 12.00
# Visual Studio Version 17
VisualStudioVersion = 17.0.32112.339
MinimumVisualStudioVersion = 10.0.40219.1
Project("{FAE04EC0-301F-11D3-BF4B-00C04F79EFBC}") = "SuperHeroAPI", "SuperHeroAPI\SuperHeroAPI.csproj", "{46916098-D65E-4B0B-9089-70DA80FE5B98}"
EndProject
Global
	GlobalSection(SolutionConfigurationPlatforms) = preSolution
		Debug|Any CPU = Debug|Any CPU
		Release|Any CPU = Release|Any CPU
	EndGlobalSection
	GlobalSection(ProjectConfigurationPlatforms) = postSolution
		{46916098-D65E-4B0B-9089-70DA80FE5B98}.Debug|Any CPU.ActiveCfg = Debug|Any CPU
		{46916098-D65E-4B0B-9089-70DA80FE5B98}.Debug|Any CPU.Build.0 = Debug|Any CPU
		{46916098-D65E-4B0B-9089-70DA80FE5B98}.Release|Any CPU.ActiveCfg = Release|Any CPU
		{46916098-D65E-4B0B-9089-70DA80FE5B98}.Release|Any CPU.Build.0 = Release|Any CPU
	EndGlobalSection
	GlobalSection(SolutionProperties) = preSolution
		HideSolutionNode = FALSE
	EndGlobalSection
	GlobalSection(ExtensibilityGlobals) = postSolution
		SolutionGuid = {04BDB05B-08CA-42A8-927F-9F8A8993BCB3}
	EndGlobalSection
EndGlobal
